<?xml version="1.0" encoding="utf-8"?>
<Project ToolsVersion="4.0" xmlns="http://schemas.microsoft.com/developer/msbuild/2003">
  <ItemGroup>
    <Filter Include="Source Files">
      <UniqueIdentifier>{4FC737F1-C7A5-4376-A066-2A32D752A2FF}</UniqueIdentifier>
      <Extensions>cpp;c;cc;cxx;def;odl;idl;hpj;bat;asm;asmx</Extensions>
    </Filter>
    <Filter Include="Header Files">
      <UniqueIdentifier>{93995380-89BD-4b04-88EB-625FBE52EBFB}</UniqueIdentifier>
      <Extensions>h;hh;hpp;hxx;hm;inl;inc;xsd</Extensions>
    </Filter>
    <Filter Include="Resource Files">
      <UniqueIdentifier>{67DA6AB6-F800-4c08-8B7A-83BB121AAD01}</UniqueIdentifier>
      <Extensions>rc;ico;cur;bmp;dlg;rc2;rct;bin;rgs;gif;jpg;jpeg;jpe;resx;tiff;tif;png;wav;mfcribbon-ms</Extensions>
    </Filter>
    <Filter Include="Header Files\Import">
      <UniqueIdentifier>{8c4d7968-a7bc-4d3e-b05c-f2573ce33553}</UniqueIdentifier>
    </Filter>
    <Filter Include="Source Files\Import">
      <UniqueIdentifier>{e6c59cf0-21a8-4ab1-b902-3d2c4775ebbe}</UniqueIdentifier>
    </Filter>
  </ItemGroup>
  <ItemGroup>
    <ClCompile Include="src\Camera.cpp">
      <Filter>Source Files</Filter>
    </ClCompile>
    <ClCompile Include="src\Graphics.cpp">
      <Filter>Source Files</Filter>
    </ClCompile>
    <ClCompile Include="src\Input.cpp">
      <Filter>Source Files</Filter>
    </ClCompile>
    <ClCompile Include="src\Primitive.cpp">
      <Filter>Source Files</Filter>
    </ClCompile>
    <ClCompile Include="src\Shader.cpp">
      <Filter>Source Files</Filter>
    </ClCompile>
    <ClCompile Include="src\Timer.cpp">
      <Filter>Source Files</Filter>
    </ClCompile>
    <ClCompile Include="src\Model.cpp">
      <Filter>Source Files</Filter>
    </ClCompile>
    <ClCompile Include="src\DXEngine.cpp">
      <Filter>Source Files</Filter>
    </ClCompile>
    <ClCompile Include="src\Import\Common\CFatalException.cpp">
      <Filter>Source Files\Import</Filter>
    </ClCompile>
    <ClCompile Include="src\Import\CImportXFile.cpp">
      <Filter>Source Files\Import</Filter>
    </ClCompile>
    <ClCompile Include="src\Import\Math\CMatrix2x2.cpp">
      <Filter>Source Files\Import</Filter>
    </ClCompile>
    <ClCompile Include="src\Import\Math\CMatrix3x3.cpp">
      <Filter>Source Files\Import</Filter>
    </ClCompile>
    <ClCompile Include="src\Import\Math\CMatrix4x4.cpp">
      <Filter>Source Files\Import</Filter>
    </ClCompile>
    <ClCompile Include="src\Import\Math\CQuaternion.cpp">
      <Filter>Source Files\Import</Filter>
    </ClCompile>
    <ClCompile Include="src\Import\Math\CQuatTransform.cpp">
      <Filter>Source Files\Import</Filter>
    </ClCompile>
    <ClCompile Include="src\Import\Math\CVector2.cpp">
      <Filter>Source Files\Import</Filter>
    </ClCompile>
    <ClCompile Include="src\Import\Math\CVector3.cpp">
      <Filter>Source Files\Import</Filter>
    </ClCompile>
    <ClCompile Include="src\Import\Math\CVector4.cpp">
      <Filter>Source Files\Import</Filter>
    </ClCompile>
    <ClCompile Include="src\Import\Math\BaseMath.cpp">
      <Filter>Source Files\Import</Filter>
    </ClCompile>
    <ClCompile Include="src\Import\Math\MathIO.cpp">
      <Filter>Source Files\Import</Filter>
    </ClCompile>
    <ClCompile Include="src\Import\Common\MSDefines.cpp">
      <Filter>Source Files\Import</Filter>
    </ClCompile>
    <ClCompile Include="src\Import\Common\Utility.cpp">
      <Filter>Source Files\Import</Filter>
    </ClCompile>
    <ClCompile Include="src\AABB.cpp">
      <Filter>Source Files</Filter>
    </ClCompile>
  </ItemGroup>
  <ItemGroup>
    <ClInclude Include="src\Camera.hpp">
      <Filter>Header Files</Filter>
    </ClInclude>
    <ClInclude Include="src\Graphics.hpp">
      <Filter>Header Files</Filter>
    </ClInclude>
    <ClInclude Include="src\Input.hpp">
      <Filter>Header Files</Filter>
    </ClInclude>
    <ClInclude Include="src\Primitive.hpp">
      <Filter>Header Files</Filter>
    </ClInclude>
    <ClInclude Include="src\resource.h">
      <Filter>Header Files</Filter>
    </ClInclude>
    <ClInclude Include="src\Shader.hpp">
      <Filter>Header Files</Filter>
    </ClInclude>
    <ClInclude Include="src\Timer.h">
      <Filter>Header Files</Filter>
    </ClInclude>
    <ClInclude Include="src\Vec3.hpp">
      <Filter>Header Files</Filter>
    </ClInclude>
    <ClInclude Include="src\DXEngine.hpp">
      <Filter>Header Files</Filter>
    </ClInclude>
    <ClInclude Include="src\Model.hpp">
      <Filter>Header Files</Filter>
    </ClInclude>
    <ClInclude Include="src\Light.hpp">
      <Filter>Header Files</Filter>
    </ClInclude>
    <ClInclude Include="src\Import\Math\BaseMath.h">
      <Filter>Header Files\Import</Filter>
    </ClInclude>
    <ClInclude Include="src\Import\Common\CFatalException.h">
      <Filter>Header Files\Import</Filter>
    </ClInclude>
    <ClInclude Include="src\Import\CImportXFile.h">
      <Filter>Header Files\Import</Filter>
    </ClInclude>
    <ClInclude Include="src\Import\Math\CMatrix2x2.h">
      <Filter>Header Files\Import</Filter>
    </ClInclude>
    <ClInclude Include="src\Import\Math\CMatrix3x3.h">
      <Filter>Header Files\Import</Filter>
    </ClInclude>
    <ClInclude Include="src\Import\Math\CMatrix4x4.h">
      <Filter>Header Files\Import</Filter>
    </ClInclude>
    <ClInclude Include="src\Import\Math\CQuaternion.h">
      <Filter>Header Files\Import</Filter>
    </ClInclude>
    <ClInclude Include="src\Import\Math\CQuatTransform.h">
      <Filter>Header Files\Import</Filter>
    </ClInclude>
    <ClInclude Include="src\Import\Math\CVector2.h">
      <Filter>Header Files\Import</Filter>
    </ClInclude>
    <ClInclude Include="src\Import\Math\CVector3.h">
      <Filter>Header Files\Import</Filter>
    </ClInclude>
    <ClInclude Include="src\Import\Math\CVector4.h">
      <Filter>Header Files\Import</Filter>
    </ClInclude>
    <ClInclude Include="src\Import\Common\Error.h">
      <Filter>Header Files\Import</Filter>
    </ClInclude>
    <ClInclude Include="src\Import\Colour.h">
      <Filter>Header Files\Import</Filter>
    </ClInclude>
    <ClInclude Include="src\Import\Math\MathDX.h">
      <Filter>Header Files\Import</Filter>
    </ClInclude>
    <ClInclude Include="src\Import\Math\MathIO.h">
      <Filter>Header Files\Import</Filter>
    </ClInclude>
    <ClInclude Include="src\Import\Common\Utility.h">
      <Filter>Header Files\Import</Filter>
    </ClInclude>
    <ClInclude Include="src\Import\rmxftmpl.h">
      <Filter>Header Files\Import</Filter>
    </ClInclude>
    <ClInclude Include="src\Import\rmxfguid.h">
      <Filter>Header Files\Import</Filter>
    </ClInclude>
    <ClInclude Include="src\Import\Common\MSDefines.h">
      <Filter>Header Files\Import</Filter>
    </ClInclude>
    <ClInclude Include="src\Import\MeshData.h">
      <Filter>Header Files\Import</Filter>
    </ClInclude>
    <ClInclude Include="src\Import\Common\GenDefines.h">
      <Filter>Header Files\Import</Filter>
    </ClInclude>
    <ClInclude Include="src\Mirror.hpp">
      <Filter>Header Files</Filter>
    </ClInclude>
    <ClInclude Include="src\Ray.hpp">
      <Filter>Header Files</Filter>
    </ClInclude>
    <ClInclude Include="src\AABB.hpp">
      <Filter>Header Files</Filter>
    </ClInclude>
  </ItemGroup>
</Project>